
Microsoft Visual Studio Solution File, Format Version 12.00
# Visual Studio 15
VisualStudioVersion = 15.0.28307.271
MinimumVisualStudioVersion = 10.0.40219.1
Project("{FAE04EC0-301F-11D3-BF4B-00C04F79EFBC}") = "WebApplication2", "WebApplication2\WebApplication2.csproj", "{D00D344B-A59B-44F0-B1AD-38EA48C02AEE}"
EndProject
Global
	GlobalSection(SolutionConfigurationPlatforms) = preSolution
		Debug|Any CPU = Debug|Any CPU
		Release|Any CPU = Release|Any CPU
	EndGlobalSection
	GlobalSection(ProjectConfigurationPlatforms) = postSolution
		{D00D344B-A59B-44F0-B1AD-38EA48C02AEE}.Debug|Any CPU.ActiveCfg = Debug|Any CPU
		{D00D344B-A59B-44F0-B1AD-38EA48C02AEE}.Debug|Any CPU.Build.0 = Debug|Any CPU
		{D00D344B-A59B-44F0-B1AD-38EA48C02AEE}.Release|Any CPU.ActiveCfg = Release|Any CPU
		{D00D344B-A59B-44F0-B1AD-38EA48C02AEE}.Release|Any CPU.Build.0 = Release|Any CPU
	EndGlobalSection
	GlobalSection(SolutionProperties) = preSolution
		HideSolutionNode = FALSE
	EndGlobalSection
	GlobalSection(ExtensibilityGlobals) = postSolution
		SolutionGuid = {76AD8C16-E8E2-4EC1-BDA0-6E645B936F41}
	EndGlobalSection
EndGlobal
